// !$*UTF8*$!
{
	archiveVersion = 1;
	classes = {
	};
	objectVersion = 50;
	objects = {

/* Begin PBXBuildFile section */
		187DB29323E36A9E00BDCED7 /* AppDelegate.swift in Sources */ = {isa = PBXBuildFile; fileRef = 187DB29223E36A9E00BDCED7 /* AppDelegate.swift */; };
		187DB29523E36A9E00BDCED7 /* SceneDelegate.swift in Sources */ = {isa = PBXBuildFile; fileRef = 187DB29423E36A9E00BDCED7 /* SceneDelegate.swift */; };
		187DB29723E36A9E00BDCED7 /* ViewController.swift in Sources */ = {isa = PBXBuildFile; fileRef = 187DB29623E36A9E00BDCED7 /* ViewController.swift */; };
		187DB29A23E36A9E00BDCED7 /* Main.storyboard in Resources */ = {isa = PBXBuildFile; fileRef = 187DB29823E36A9E00BDCED7 /* Main.storyboard */; };
		187DB29C23E36AA000BDCED7 /* Assets.xcassets in Resources */ = {isa = PBXBuildFile; fileRef = 187DB29B23E36AA000BDCED7 /* Assets.xcassets */; };
		187DB29F23E36AA000BDCED7 /* LaunchScreen.storyboard in Resources */ = {isa = PBXBuildFile; fileRef = 187DB29D23E36AA000BDCED7 /* LaunchScreen.storyboard */; };
		187DB2A723E36F0800BDCED7 /* Model.swift in Sources */ = {isa = PBXBuildFile; fileRef = 187DB2A623E36F0800BDCED7 /* Model.swift */; };
/* End PBXBuildFile section */

/* Begin PBXFileReference section */
		187DB28F23E36A9E00BDCED7 /* xANDnil.app */ = {isa = PBXFileReference; explicitFileType = wrapper.application; includeInIndex = 0; path = xANDnil.app; sourceTree = BUILT_PRODUCTS_DIR; };
		187DB29223E36A9E00BDCED7 /* AppDelegate.swift */ = {isa = PBXFileReference; lastKnownFileType = sourcecode.swift; path = AppDelegate.swift; sourceTree = "<group>"; };
		187DB29423E36A9E00BDCED7 /* SceneDelegate.swift */ = {isa = PBXFileReference; lastKnownFileType = sourcecode.swift; path = SceneDelegate.swift; sourceTree = "<group>"; };
		187DB29623E36A9E00BDCED7 /* ViewController.swift */ = {isa = PBXFileReference; lastKnownFileType = sourcecode.swift; path = ViewController.swift; sourceTree = "<group>"; };
		187DB29923E36A9E00BDCED7 /* Base */ = {isa = PBXFileReference; lastKnownFileType = file.storyboard; name = Base; path = Base.lproj/Main.storyboard; sourceTree = "<group>"; };
		187DB29B23E36AA000BDCED7 /* Assets.xcassets */ = {isa = PBXFileReference; lastKnownFileType = folder.assetcatalog; path = Assets.xcassets; sourceTree = "<group>"; };
		187DB29E23E36AA000BDCED7 /* Base */ = {isa = PBXFileReference; lastKnownFileType = file.storyboard; name = Base; path = Base.lproj/LaunchScreen.storyboard; sourceTree = "<group>"; };
		187DB2A023E36AA000BDCED7 /* Info.plist */ = {isa = PBXFileReference; lastKnownFileType = text.plist.xml; path = Info.plist; sourceTree = "<group>"; };
		187DB2A623E36F0800BDCED7 /* Model.swift */ = {isa = PBXFileReference; lastKnownFileType = sourcecode.swift; path = Model.swift; sourceTree = "<group>"; };
/* End PBXFileReference section */

/* Begin PBXFrameworksBuildPhase section */
		187DB28C23E36A9E00BDCED7 /* Frameworks */ = {
			isa = PBXFrameworksBuildPhase;
			buildActionMask = 2147483647;
			files = (
			);
			runOnlyForDeploymentPostprocessing = 0;
		};
/* End PBXFrameworksBuildPhase section */

/* Begin PBXGroup section */
		186DC2E7264EB901009C83AF /* Model */ = {
			isa = PBXGroup;
			children = (
				187DB2A623E36F0800BDCED7 /* Model.swift */,
			);
			path = Model;
			sourceTree = "<group>";
		};
		186DC2E8264EB911009C83AF /* App */ = {
			isa = PBXGroup;
			children = (
				187DB29223E36A9E00BDCED7 /* AppDelegate.swift */,
				187DB29423E36A9E00BDCED7 /* SceneDelegate.swift */,
				187DB29B23E36AA000BDCED7 /* Assets.xcassets */,
				187DB2A023E36AA000BDCED7 /* Info.plist */,
			);
			path = App;
			sourceTree = "<group>";
		};
		186DC2E9264EB96D009C83AF /* Controller */ = {
			isa = PBXGroup;
			children = (
				187DB29623E36A9E00BDCED7 /* ViewController.swift */,
			);
			path = Controller;
			sourceTree = "<group>";
		};
		186DC2EA264EB980009C83AF /* View */ = {
			isa = PBXGroup;
			children = (
				187DB29823E36A9E00BDCED7 /* Main.storyboard */,
				187DB29D23E36AA000BDCED7 /* LaunchScreen.storyboard */,
			);
			path = View;
			sourceTree = "<group>";
		};
		187DB28623E36A9E00BDCED7 = {
			isa = PBXGroup;
			children = (
				187DB29123E36A9E00BDCED7 /* xANDnil */,
				187DB29023E36A9E00BDCED7 /* Products */,
			);
			sourceTree = "<group>";
		};
		187DB29023E36A9E00BDCED7 /* Products */ = {
			isa = PBXGroup;
			children = (
				187DB28F23E36A9E00BDCED7 /* xANDnil.app */,
			);
			name = Products;
			sourceTree = "<group>";
		};
		187DB29123E36A9E00BDCED7 /* xANDnil */ = {
			isa = PBXGroup;
			children = (
				186DC2EA264EB980009C83AF /* View */,
				186DC2E9264EB96D009C83AF /* Controller */,
				186DC2E8264EB911009C83AF /* App */,
				186DC2E7264EB901009C83AF /* Model */,
			);
			path = xANDnil;
			sourceTree = "<group>";
		};
/* End PBXGroup section */

/* Begin PBXNativeTarget section */
		187DB28E23E36A9E00BDCED7 /* xANDnil */ = {
			isa = PBXNativeTarget;
			buildConfigurationList = 187DB2A323E36AA000BDCED7 /* Build configuration list for PBXNativeTarget "xANDnil" */;
			buildPhases = (
				187DB28B23E36A9E00BDCED7 /* Sources */,
				187DB28C23E36A9E00BDCED7 /* Frameworks */,
				187DB28D23E36A9E00BDCED7 /* Resources */,
			);
			buildRules = (
			);
			dependencies = (
			);
			name = xANDnil;
			productName = xANDnil;
			productReference = 187DB28F23E36A9E00BDCED7 /* xANDnil.app */;
			productType = "com.apple.product-type.application";
		};
/* End PBXNativeTarget section */

/* Begin PBXProject section */
		187DB28723E36A9E00BDCED7 /* Project object */ = {
			isa = PBXProject;
			attributes = {
				LastSwiftUpdateCheck = 1120;
				LastUpgradeCheck = 1120;
				ORGANIZATIONNAME = SwiftAcademy;
				TargetAttributes = {
					187DB28E23E36A9E00BDCED7 = {
						CreatedOnToolsVersion = 11.2.1;
					};
				};
			};
			buildConfigurationList = 187DB28A23E36A9E00BDCED7 /* Build configuration list for PBXProject "xANDnil" */;
			compatibilityVersion = "Xcode 9.3";
			developmentRegion = en;
			hasScannedForEncodings = 0;
			knownRegions = (
				en,
				Base,
			);
			mainGroup = 187DB28623E36A9E00BDCED7;
			productRefGroup = 187DB29023E36A9E00BDCED7 /* Products */;
			projectDirPath = "";
			projectRoot = "";
			targets = (
				187DB28E23E36A9E00BDCED7 /* xANDnil */,
			);
		};
/* End PBXProject section */

/* Begin PBXResourcesBuildPhase section */
		187DB28D23E36A9E00BDCED7 /* Resources */ = {
			isa = PBXResourcesBuildPhase;
			buildActionMask = 2147483647;
			files = (
				187DB29F23E36AA000BDCED7 /* LaunchScreen.storyboard in Resources */,
				187DB29C23E36AA000BDCED7 /* Assets.xcassets in Resources */,
				187DB29A23E36A9E00BDCED7 /* Main.storyboard in Resources */,
			);
			runOnlyForDeploymentPostprocessing = 0;
		};
/* End PBXResourcesBuildPhase section */

/* Begin PBXSourcesBuildPhase section */
		187DB28B23E36A9E00BDCED7 /* Sources */ = {
			isa = PBXSourcesBuildPhase;
			buildActionMask = 2147483647;
			files = (
				187DB29723E36A9E00BDCED7 /* ViewController.swift in Sources */,
				187DB29323E36A9E00BDCED7 /* AppDelegate.swift in Sources */,
				187DB29523E36A9E00BDCED7 /* SceneDelegate.swift in Sources */,
				187DB2A723E36F0800BDCED7 /* Model.swift in Sources */,
			);
			runOnlyForDeploymentPostprocessing = 0;
		};
/* End PBXSourcesBuildPhase section */

/* Begin PBXVariantGroup section */
		187DB29823E36A9E00BDCED7 /* Main.storyboard */ = {
			isa = PBXVariantGroup;
			children = (
				187DB29923E36A9E00BDCED7 /* Base */,
			);
			name = Main.storyboard;
			sourceTree = "<group>";
		};
		187DB29D23E36AA000BDCED7 /* LaunchScreen.storyboard */ = {
			isa = PBXVariantGroup;
			children = (
				187DB29E23E36AA000BDCED7 /* Base */,
			);
			name = LaunchScreen.storyboard;
			sourceTree = "<group>";
		};
/* End PBXVariantGroup section */

/* Begin XCBuildConfiguration section */
		187DB2A123E36AA000BDCED7 /* Debug */ = {
			isa = XCBuildConfiguration;
			buildSettings = {
				ALWAYS_SEARCH_USER_PATHS = NO;
				CLANG_ANALYZER_NONNULL = YES;
				CLANG_ANALYZER_NUMBER_OBJECT_CONVERSION = YES_AGGRESSIVE;
				CLANG_CXX_LANGUAGE_STANDARD = "gnu++14";
				CLANG_CXX_LIBRARY = "libc++";
				CLANG_ENABLE_MODULES = YES;
				CLANG_ENABLE_OBJC_ARC = YES;
				CLANG_ENABLE_OBJC_WEAK = YES;
				CLANG_WARN_BLOCK_CAPTURE_AUTORELEASING = YES;
				CLANG_WARN_BOOL_CONVERSION = YES;
				CLANG_WARN_COMMA = YES;
				CLANG_WARN_CONSTANT_CONVERSION = YES;
				CLANG_WARN_DEPRECATED_OBJC_IMPLEMENTATIONS = YES;
				CLANG_WARN_DIRECT_OBJC_ISA_USAGE = YES_ERROR;
				CLANG_WARN_DOCUMENTATION_COMMENTS = YES;
				CLANG_WARN_EMPTY_BODY = YES;
				CLANG_WARN_ENUM_CONVERSION = YES;
				CLANG_WARN_INFINITE_RECURSION = YES;
				CLANG_WARN_INT_CONVERSION = YES;
				CLANG_WARN_NON_LITERAL_NULL_CONVERSION = YES;
				CLANG_WARN_OBJC_IMPLICIT_RETAIN_SELF = YES;
				CLANG_WARN_OBJC_LITERAL_CONVERSION = YES;
				CLANG_WARN_OBJC_ROOT_CLASS = YES_ERROR;
				CLANG_WARN_RANGE_LOOP_ANALYSIS = YES;
				CLANG_WARN_STRICT_PROTOTYPES = YES;
				CLANG_WARN_SUSPICIOUS_MOVE = YES;
				CLANG_WARN_UNGUARDED_AVAILABILITY = YES_AGGRESSIVE;
				CLANG_WARN_UNREACHABLE_CODE = YES;
				CLANG_WARN__DUPLICATE_METHOD_MATCH = YES;
				COPY_PHASE_STRIP = NO;
				DEBUG_INFORMATION_FORMAT = dwarf;
				ENABLE_STRICT_OBJC_MSGSEND = YES;
				ENABLE_TESTABILITY = YES;
				GCC_C_LANGUAGE_STANDARD = gnu11;
				GCC_DYNAMIC_NO_PIC = NO;
				GCC_NO_COMMON_BLOCKS = YES;
				GCC_OPTIMIZATION_LEVEL = 0;
				GCC_PREPROCESSOR_DEFINITIONS = (
					"DEBUG=1",
					"$(inherited)",
				);
				GCC_WARN_64_TO_32_BIT_CONVERSION = YES;
				GCC_WARN_ABOUT_RETURN_TYPE = YES_ERROR;
				GCC_WARN_UNDECLARED_SELECTOR = YES;
				GCC_WARN_UNINITIALIZED_AUTOS = YES_AGGRESSIVE;
				GCC_WARN_UNUSED_FUNCTION = YES;
				GCC_WARN_UNUSED_VARIABLE = YES;
				IPHONEOS_DEPLOYMENT_TARGET = 13.2;
				MTL_ENABLE_DEBUG_INFO = INCLUDE_SOURCE;
				MTL_FAST_MATH = YES;
				ONLY_ACTIVE_ARCH = YES;
				SDKROOT = iphoneos;
				SWIFT_ACTIVE_COMPILATION_CONDITIONS = DEBUG;
				SWIFT_OPTIMIZATION_LEVEL = "-Onone";
			};
			name = Debug;
		};
		187DB2A223E36AA000BDCED7 /* Release */ = {
			isa = XCBuildConfiguration;
			buildSettings = {
				ALWAYS_SEARCH_USER_PATHS = NO;
				CLANG_ANALYZER_NONNULL = YES;
				CLANG_ANALYZER_NUMBER_OBJECT_CONVERSION = YES_AGGRESSIVE;
				CLANG_CXX_LANGUAGE_STANDARD = "gnu++14";
				CLANG_CXX_LIBRARY = "libc++";
				CLANG_ENABLE_MODULES = YES;
				CLANG_ENABLE_OBJC_ARC = YES;
				CLANG_ENABLE_OBJC_WEAK = YES;
				CLANG_WARN_BLOCK_CAPTURE_AUTORELEASING = YES;
				CLANG_WARN_BOOL_CONVERSION = YES;
				CLANG_WARN_COMMA = YES;
				CLANG_WARN_CONSTANT_CONVERSION = YES;
				CLANG_WARN_DEPRECATED_OBJC_IMPLEMENTATIONS = YES;
				CLANG_WARN_DIRECT_OBJC_ISA_USAGE = YES_ERROR;
				CLANG_WARN_DOCUMENTATION_COMMENTS = YES;
				CLANG_WARN_EMPTY_BODY = YES;
				CLANG_WARN_ENUM_CONVERSION = YES;
				CLANG_WARN_INFINITE_RECURSION = YES;
				CLANG_WARN_INT_CONVERSION = YES;
				CLANG_WARN_NON_LITERAL_NULL_CONVERSION = YES;
				CLANG_WARN_OBJC_IMPLICIT_RETAIN_SELF = YES;
				CLANG_WARN_OBJC_LITERAL_CONVERSION = YES;
				CLANG_WARN_OBJC_ROOT_CLASS = YES_ERROR;
				CLANG_WARN_RANGE_LOOP_ANALYSIS = YES;
				CLANG_WARN_STRICT_PROTOTYPES = YES;
				CLANG_WARN_SUSPICIOUS_MOVE = YES;
				CLANG_WARN_UNGUARDED_AVAILABILITY = YES_AGGRESSIVE;
				CLANG_WARN_UNREACHABLE_CODE = YES;
				CLANG_WARN__DUPLICATE_METHOD_MATCH = YES;
				COPY_PHASE_STRIP = NO;
				DEBUG_INFORMATION_FORMAT = "dwarf-with-dsym";
				ENABLE_NS_ASSERTIONS = NO;
				ENABLE_STRICT_OBJC_MSGSEND = YES;
				GCC_C_LANGUAGE_STANDARD = gnu11;
				GCC_NO_COMMON_BLOCKS = YES;
				GCC_WARN_64_TO_32_BIT_CONVERSION = YES;
				GCC_WARN_ABOUT_RETURN_TYPE = YES_ERROR;
				GCC_WARN_UNDECLARED_SELECTOR = YES;
				GCC_WARN_UNINITIALIZED_AUTOS = YES_AGGRESSIVE;
				GCC_WARN_UNUSED_FUNCTION = YES;
				GCC_WARN_UNUSED_VARIABLE = YES;
				IPHONEOS_DEPLOYMENT_TARGET = 13.2;
				MTL_ENABLE_DEBUG_INFO = NO;
				MTL_FAST_MATH = YES;
				SDKROOT = iphoneos;
				SWIFT_COMPILATION_MODE = wholemodule;
				SWIFT_OPTIMIZATION_LEVEL = "-O";
				VALIDATE_PRODUCT = YES;
			};
			name = Release;
		};
		187DB2A423E36AA000BDCED7 /* Debug */ = {
			isa = XCBuildConfiguration;
			buildSettings = {
				ASSETCATALOG_COMPILER_APPICON_NAME = AppIcon;
				CODE_SIGN_STYLE = Automatic;
				INFOPLIST_FILE = xANDnil/App/Info.plist;
				LD_RUNPATH_SEARCH_PATHS = (
					"$(inherited)",
					"@executable_path/Frameworks",
				);
				PRODUCT_BUNDLE_IDENTIFIER = swiftacademy.com.xANDnil;
				PRODUCT_NAME = "$(TARGET_NAME)";
				SWIFT_VERSION = 5.0;
				TARGETED_DEVICE_FAMILY = "1,2";
			};
			name = Debug;
		};
		187DB2A523E36AA000BDCED7 /* Release */ = {
			isa = XCBuildConfiguration;
			buildSettings = {
				ASSETCATALOG_COMPILER_APPICON_NAME = AppIcon;
				CODE_SIGN_STYLE = Automatic;
				INFOPLIST_FILE = xANDnil/App/Info.plist;
				LD_RUNPATH_SEARCH_PATHS = (
					"$(inherited)",
					"@executable_path/Frameworks",
				);
				PRODUCT_BUNDLE_IDENTIFIER = swiftacademy.com.xANDnil;
				PRODUCT_NAME = "$(TARGET_NAME)";
				SWIFT_VERSION = 5.0;
				TARGETED_DEVICE_FAMILY = "1,2";
			};
			name = Release;
		};
/* End XCBuildConfiguration section */

/* Begin XCConfigurationList section */
		187DB28A23E36A9E00BDCED7 /* Build configuration list for PBXProject "xANDnil" */ = {
			isa = XCConfigurationList;
			buildConfigurations = (
				187DB2A123E36AA000BDCED7 /* Debug */,
				187DB2A223E36AA000BDCED7 /* Release */,
			);
			defaultConfigurationIsVisible = 0;
			defaultConfigurationName = Release;
		};
		187DB2A323E36AA000BDCED7 /* Build configuration list for PBXNativeTarget "xANDnil" */ = {
			isa = XCConfigurationList;
			buildConfigurations = (
				187DB2A423E36AA000BDCED7 /* Debug */,
				187DB2A523E36AA000BDCED7 /* Release */,
			);
			defaultConfigurationIsVisible = 0;
			defaultConfigurationName = Release;
		};
/* End XCConfigurationList section */
	};
	rootObject = 187DB28723E36A9E00BDCED7 /* Project object */;
}
